// !$*UTF8*$!
{
	archiveVersion = 1;
	classes = {
	};
	objectVersion = 48;
	objects = {

/* Begin PBXBuildFile section */
		005D24AD201E627300F2C0C7 /* AppDelegate.swift in Sources */ = {isa = PBXBuildFile; fileRef = 005D24AC201E627300F2C0C7 /* AppDelegate.swift */; };
		005D24E7201E634500F2C0C7 /* Assets.xcassets in Resources */ = {isa = PBXBuildFile; fileRef = 005D24E3201E634500F2C0C7 /* Assets.xcassets */; };
		005D24EC201E635500F2C0C7 /* LaunchScreen.storyboard in Resources */ = {isa = PBXBuildFile; fileRef = 005D24E8201E635500F2C0C7 /* LaunchScreen.storyboard */; };
		005D24ED201E635500F2C0C7 /* Main.storyboard in Resources */ = {isa = PBXBuildFile; fileRef = 005D24EA201E635500F2C0C7 /* Main.storyboard */; };
		005D24EF201E67E200F2C0C7 /* achievements.json in Resources */ = {isa = PBXBuildFile; fileRef = 005D24EE201E67E200F2C0C7 /* achievements.json */; };
		005D24FE201E6A3C00F2C0C7 /* AchievementsViewController.swift in Sources */ = {isa = PBXBuildFile; fileRef = 005D24FD201E6A3C00F2C0C7 /* AchievementsViewController.swift */; };
		005D2500201E6AD900F2C0C7 /* AchievementLoadable.swift in Sources */ = {isa = PBXBuildFile; fileRef = 005D24FF201E6AD900F2C0C7 /* AchievementLoadable.swift */; };
		005D2502201E6DB000F2C0C7 /* Constants.swift in Sources */ = {isa = PBXBuildFile; fileRef = 005D2501201E6DB000F2C0C7 /* Constants.swift */; };
		005D2504201E708F00F2C0C7 /* IBInspectable.swift in Sources */ = {isa = PBXBuildFile; fileRef = 005D2503201E708F00F2C0C7 /* IBInspectable.swift */; };
		00DDBC502023A0F400CF48BB /* AchievementsViewControllerTests.swift in Sources */ = {isa = PBXBuildFile; fileRef = 00DDBC4F2023A0F400CF48BB /* AchievementsViewControllerTests.swift */; };
		00DDBC522023A30A00CF48BB /* AchievementCellTests.swift in Sources */ = {isa = PBXBuildFile; fileRef = 00DDBC512023A30A00CF48BB /* AchievementCellTests.swift */; };
		00DDBC542023AD2000CF48BB /* AchievementsPresenterTests.swift in Sources */ = {isa = PBXBuildFile; fileRef = 00DDBC532023AD2000CF48BB /* AchievementsPresenterTests.swift */; };
		00DDBC572023AD9A00CF48BB /* AchievementsInteractorTests.swift in Sources */ = {isa = PBXBuildFile; fileRef = 00DDBC562023AD9A00CF48BB /* AchievementsInteractorTests.swift */; };
		00DDBC5A2023AE3900CF48BB /* AchievementsCacheDataManagerTests.swift in Sources */ = {isa = PBXBuildFile; fileRef = 00DDBC592023AE3900CF48BB /* AchievementsCacheDataManagerTests.swift */; };
		00DDBC5D2023B0FE00CF48BB /* UIColorExtensionTests.swift in Sources */ = {isa = PBXBuildFile; fileRef = 00DDBC5C2023B0FE00CF48BB /* UIColorExtensionTests.swift */; };
		00DDBC5F2023B18200CF48BB /* AchievementTests.swift in Sources */ = {isa = PBXBuildFile; fileRef = 00DDBC5E2023B18200CF48BB /* AchievementTests.swift */; };
		00DDBC612023B33F00CF48BB /* RootWireframeTests.swift in Sources */ = {isa = PBXBuildFile; fileRef = 00DDBC602023B33F00CF48BB /* RootWireframeTests.swift */; };
		00DDBC632023B5D000CF48BB /* AchievementsRemoteDataManagerTests.swift in Sources */ = {isa = PBXBuildFile; fileRef = 00DDBC622023B5D000CF48BB /* AchievementsRemoteDataManagerTests.swift */; };
		00DDBC652023B66C00CF48BB /* MockCacheStore.swift in Sources */ = {isa = PBXBuildFile; fileRef = 00DDBC642023B66C00CF48BB /* MockCacheStore.swift */; };
		00DDBC672023BACD00CF48BB /* MockCacheDataManager.swift in Sources */ = {isa = PBXBuildFile; fileRef = 00DDBC662023BACC00CF48BB /* MockCacheDataManager.swift */; };
		00DDBC692023BAE400CF48BB /* MockRemoteDataManager.swift in Sources */ = {isa = PBXBuildFile; fileRef = 00DDBC682023BAE400CF48BB /* MockRemoteDataManager.swift */; };
		00DDBC6B2023BAFC00CF48BB /* MockAchievementsInteractorOutput.swift in Sources */ = {isa = PBXBuildFile; fileRef = 00DDBC6A2023BAFC00CF48BB /* MockAchievementsInteractorOutput.swift */; };
		00DDBC6D2023BCFE00CF48BB /* AchievementsWireframeTests.swift in Sources */ = {isa = PBXBuildFile; fileRef = 00DDBC6C2023BCFE00CF48BB /* AchievementsWireframeTests.swift */; };
		00DDBC6F2023BD6200CF48BB /* AppDependenciesTests.swift in Sources */ = {isa = PBXBuildFile; fileRef = 00DDBC6E2023BD6200CF48BB /* AppDependenciesTests.swift */; };
		00DDBC712023BDD100CF48BB /* AppDelegateTests.swift in Sources */ = {isa = PBXBuildFile; fileRef = 00DDBC702023BDD100CF48BB /* AppDelegateTests.swift */; };
		00DDBC732023C03D00CF48BB /* MockRootWireframe.swift in Sources */ = {isa = PBXBuildFile; fileRef = 00DDBC722023C03D00CF48BB /* MockRootWireframe.swift */; };
		00DDBC752023C18F00CF48BB /* MockAchievementsInteractorInput.swift in Sources */ = {isa = PBXBuildFile; fileRef = 00DDBC742023C18F00CF48BB /* MockAchievementsInteractorInput.swift */; };
		00DDBC782023C24B00CF48BB /* MockAchievementLoadable.swift in Sources */ = {isa = PBXBuildFile; fileRef = 00DDBC772023C24B00CF48BB /* MockAchievementLoadable.swift */; };
		00DDBC7A2023C45400CF48BB /* CacheStoreTests.swift in Sources */ = {isa = PBXBuildFile; fileRef = 00DDBC792023C45400CF48BB /* CacheStoreTests.swift */; };
		00DDBC7C2023C5D400CF48BB /* MockAchievementsWireframe.swift in Sources */ = {isa = PBXBuildFile; fileRef = 00DDBC7B2023C5D400CF48BB /* MockAchievementsWireframe.swift */; };
		00DDBC7E2023C7AF00CF48BB /* MockAppDependencies.swift in Sources */ = {isa = PBXBuildFile; fileRef = 00DDBC7D2023C7AF00CF48BB /* MockAppDependencies.swift */; };
		00E3A9BB201E837B00162297 /* UIColorExtension.swift in Sources */ = {isa = PBXBuildFile; fileRef = 00E3A9BA201E837B00162297 /* UIColorExtension.swift */; };
		00E3A9BD201E895400162297 /* AchievementsInteractorIO.swift in Sources */ = {isa = PBXBuildFile; fileRef = 00E3A9BC201E895400162297 /* AchievementsInteractorIO.swift */; };
		00E3A9BF201E89AE00162297 /* Achievement.swift in Sources */ = {isa = PBXBuildFile; fileRef = 00E3A9BE201E89AE00162297 /* Achievement.swift */; };
		00E3A9C1201E8B3C00162297 /* AchievementsInteractor.swift in Sources */ = {isa = PBXBuildFile; fileRef = 00E3A9C0201E8B3C00162297 /* AchievementsInteractor.swift */; };
		00E3A9C3201E8BA400162297 /* AchievementsCacheDataManager.swift in Sources */ = {isa = PBXBuildFile; fileRef = 00E3A9C2201E8BA400162297 /* AchievementsCacheDataManager.swift */; };
		00E3A9C5201E8C5700162297 /* CacheStore.swift in Sources */ = {isa = PBXBuildFile; fileRef = 00E3A9C4201E8C5700162297 /* CacheStore.swift */; };
		00E3A9C7201E91A400162297 /* AchievementUpdatable.swift in Sources */ = {isa = PBXBuildFile; fileRef = 00E3A9C6201E91A400162297 /* AchievementUpdatable.swift */; };
		00E3A9C9201E933C00162297 /* AchievementCell.swift in Sources */ = {isa = PBXBuildFile; fileRef = 00E3A9C8201E933C00162297 /* AchievementCell.swift */; };
		00E3A9CB201E976300162297 /* UIImageExtension.swift in Sources */ = {isa = PBXBuildFile; fileRef = 00E3A9CA201E976300162297 /* UIImageExtension.swift */; };
		00E3A9CD201E99D700162297 /* AchievementsWireframe.swift in Sources */ = {isa = PBXBuildFile; fileRef = 00E3A9CC201E99D700162297 /* AchievementsWireframe.swift */; };
		00E3A9CF201E9A1700162297 /* RootWireframe.swift in Sources */ = {isa = PBXBuildFile; fileRef = 00E3A9CE201E9A1700162297 /* RootWireframe.swift */; };
		00E3A9D1201E9B6E00162297 /* AchievementsPresenter.swift in Sources */ = {isa = PBXBuildFile; fileRef = 00E3A9D0201E9B6E00162297 /* AchievementsPresenter.swift */; };
		00E3A9D3201EA0C000162297 /* AppDependencies.swift in Sources */ = {isa = PBXBuildFile; fileRef = 00E3A9D2201EA0C000162297 /* AppDependencies.swift */; };
		00E3A9D5201EAAD200162297 /* AchievementsRemoteDataManager.swift in Sources */ = {isa = PBXBuildFile; fileRef = 00E3A9D4201EAAD200162297 /* AchievementsRemoteDataManager.swift */; };
		00E3A9D7201EB22100162297 /* ServerResponse.swift in Sources */ = {isa = PBXBuildFile; fileRef = 00E3A9D6201EB22100162297 /* ServerResponse.swift */; };
/* End PBXBuildFile section */

/* Begin PBXContainerItemProxy section */
		005D24BE201E627300F2C0C7 /* PBXContainerItemProxy */ = {
			isa = PBXContainerItemProxy;
			containerPortal = 005D24A1201E627300F2C0C7 /* Project object */;
			proxyType = 1;
			remoteGlobalIDString = 005D24A8201E627300F2C0C7;
			remoteInfo = StashCoach;
		};
		005D24C9201E627300F2C0C7 /* PBXContainerItemProxy */ = {
			isa = PBXContainerItemProxy;
			containerPortal = 005D24A1201E627300F2C0C7 /* Project object */;
			proxyType = 1;
			remoteGlobalIDString = 005D24A8201E627300F2C0C7;
			remoteInfo = StashCoach;
		};
/* End PBXContainerItemProxy section */

/* Begin PBXFileReference section */
		005D24A9201E627300F2C0C7 /* StashCoach.app */ = {isa = PBXFileReference; explicitFileType = wrapper.application; includeInIndex = 0; path = StashCoach.app; sourceTree = BUILT_PRODUCTS_DIR; };
		005D24AC201E627300F2C0C7 /* AppDelegate.swift */ = {isa = PBXFileReference; lastKnownFileType = sourcecode.swift; path = AppDelegate.swift; sourceTree = "<group>"; };
		005D24BD201E627300F2C0C7 /* StashCoachTests.xctest */ = {isa = PBXFileReference; explicitFileType = wrapper.cfbundle; includeInIndex = 0; path = StashCoachTests.xctest; sourceTree = BUILT_PRODUCTS_DIR; };
		005D24C3201E627300F2C0C7 /* Info.plist */ = {isa = PBXFileReference; lastKnownFileType = text.plist.xml; path = Info.plist; sourceTree = "<group>"; };
		005D24C8201E627300F2C0C7 /* StashCoachUITests.xctest */ = {isa = PBXFileReference; explicitFileType = wrapper.cfbundle; includeInIndex = 0; path = StashCoachUITests.xctest; sourceTree = BUILT_PRODUCTS_DIR; };
		005D24CE201E627300F2C0C7 /* Info.plist */ = {isa = PBXFileReference; lastKnownFileType = text.plist.xml; path = Info.plist; sourceTree = "<group>"; };
		005D24E2201E634500F2C0C7 /* Info.plist */ = {isa = PBXFileReference; fileEncoding = 4; lastKnownFileType = text.plist.xml; path = Info.plist; sourceTree = "<group>"; };
		005D24E3201E634500F2C0C7 /* Assets.xcassets */ = {isa = PBXFileReference; lastKnownFileType = folder.assetcatalog; path = Assets.xcassets; sourceTree = "<group>"; };
		005D24E9201E635500F2C0C7 /* Base */ = {isa = PBXFileReference; lastKnownFileType = file.storyboard; name = Base; path = Base.lproj/LaunchScreen.storyboard; sourceTree = "<group>"; };
		005D24EB201E635500F2C0C7 /* Base */ = {isa = PBXFileReference; lastKnownFileType = file.storyboard; name = Base; path = Base.lproj/Main.storyboard; sourceTree = "<group>"; };
		005D24EE201E67E200F2C0C7 /* achievements.json */ = {isa = PBXFileReference; fileEncoding = 4; lastKnownFileType = text.json; path = achievements.json; sourceTree = "<group>"; };
		005D24FD201E6A3C00F2C0C7 /* AchievementsViewController.swift */ = {isa = PBXFileReference; lastKnownFileType = sourcecode.swift; path = AchievementsViewController.swift; sourceTree = "<group>"; };
		005D24FF201E6AD900F2C0C7 /* AchievementLoadable.swift */ = {isa = PBXFileReference; lastKnownFileType = sourcecode.swift; path = AchievementLoadable.swift; sourceTree = "<group>"; };
		005D2501201E6DB000F2C0C7 /* Constants.swift */ = {isa = PBXFileReference; lastKnownFileType = sourcecode.swift; path = Constants.swift; sourceTree = "<group>"; };
		005D2503201E708F00F2C0C7 /* IBInspectable.swift */ = {isa = PBXFileReference; lastKnownFileType = sourcecode.swift; path = IBInspectable.swift; sourceTree = "<group>"; };
		00DDBC4F2023A0F400CF48BB /* AchievementsViewControllerTests.swift */ = {isa = PBXFileReference; lastKnownFileType = sourcecode.swift; path = AchievementsViewControllerTests.swift; sourceTree = "<group>"; };
		00DDBC512023A30A00CF48BB /* AchievementCellTests.swift */ = {isa = PBXFileReference; lastKnownFileType = sourcecode.swift; path = AchievementCellTests.swift; sourceTree = "<group>"; };
		00DDBC532023AD2000CF48BB /* AchievementsPresenterTests.swift */ = {isa = PBXFileReference; lastKnownFileType = sourcecode.swift; path = AchievementsPresenterTests.swift; sourceTree = "<group>"; };
		00DDBC562023AD9A00CF48BB /* AchievementsInteractorTests.swift */ = {isa = PBXFileReference; lastKnownFileType = sourcecode.swift; path = AchievementsInteractorTests.swift; sourceTree = "<group>"; };
		00DDBC592023AE3900CF48BB /* AchievementsCacheDataManagerTests.swift */ = {isa = PBXFileReference; lastKnownFileType = sourcecode.swift; path = AchievementsCacheDataManagerTests.swift; sourceTree = "<group>"; };
		00DDBC5C2023B0FE00CF48BB /* UIColorExtensionTests.swift */ = {isa = PBXFileReference; lastKnownFileType = sourcecode.swift; path = UIColorExtensionTests.swift; sourceTree = "<group>"; };
		00DDBC5E2023B18200CF48BB /* AchievementTests.swift */ = {isa = PBXFileReference; lastKnownFileType = sourcecode.swift; path = AchievementTests.swift; sourceTree = "<group>"; };
		00DDBC602023B33F00CF48BB /* RootWireframeTests.swift */ = {isa = PBXFileReference; lastKnownFileType = sourcecode.swift; path = RootWireframeTests.swift; sourceTree = "<group>"; };
		00DDBC622023B5D000CF48BB /* AchievementsRemoteDataManagerTests.swift */ = {isa = PBXFileReference; lastKnownFileType = sourcecode.swift; path = AchievementsRemoteDataManagerTests.swift; sourceTree = "<group>"; };
		00DDBC642023B66C00CF48BB /* MockCacheStore.swift */ = {isa = PBXFileReference; lastKnownFileType = sourcecode.swift; path = MockCacheStore.swift; sourceTree = "<group>"; };
		00DDBC662023BACC00CF48BB /* MockCacheDataManager.swift */ = {isa = PBXFileReference; lastKnownFileType = sourcecode.swift; path = MockCacheDataManager.swift; sourceTree = "<group>"; };
		00DDBC682023BAE400CF48BB /* MockRemoteDataManager.swift */ = {isa = PBXFileReference; lastKnownFileType = sourcecode.swift; path = MockRemoteDataManager.swift; sourceTree = "<group>"; };
		00DDBC6A2023BAFC00CF48BB /* MockAchievementsInteractorOutput.swift */ = {isa = PBXFileReference; lastKnownFileType = sourcecode.swift; path = MockAchievementsInteractorOutput.swift; sourceTree = "<group>"; };
		00DDBC6C2023BCFE00CF48BB /* AchievementsWireframeTests.swift */ = {isa = PBXFileReference; lastKnownFileType = sourcecode.swift; path = AchievementsWireframeTests.swift; sourceTree = "<group>"; };
		00DDBC6E2023BD6200CF48BB /* AppDependenciesTests.swift */ = {isa = PBXFileReference; lastKnownFileType = sourcecode.swift; path = AppDependenciesTests.swift; sourceTree = "<group>"; };
		00DDBC702023BDD100CF48BB /* AppDelegateTests.swift */ = {isa = PBXFileReference; lastKnownFileType = sourcecode.swift; path = AppDelegateTests.swift; sourceTree = "<group>"; };
		00DDBC722023C03D00CF48BB /* MockRootWireframe.swift */ = {isa = PBXFileReference; lastKnownFileType = sourcecode.swift; path = MockRootWireframe.swift; sourceTree = "<group>"; };
		00DDBC742023C18F00CF48BB /* MockAchievementsInteractorInput.swift */ = {isa = PBXFileReference; lastKnownFileType = sourcecode.swift; path = MockAchievementsInteractorInput.swift; sourceTree = "<group>"; };
		00DDBC772023C24B00CF48BB /* MockAchievementLoadable.swift */ = {isa = PBXFileReference; lastKnownFileType = sourcecode.swift; path = MockAchievementLoadable.swift; sourceTree = "<group>"; };
		00DDBC792023C45400CF48BB /* CacheStoreTests.swift */ = {isa = PBXFileReference; lastKnownFileType = sourcecode.swift; path = CacheStoreTests.swift; sourceTree = "<group>"; };
		00DDBC7B2023C5D400CF48BB /* MockAchievementsWireframe.swift */ = {isa = PBXFileReference; lastKnownFileType = sourcecode.swift; path = MockAchievementsWireframe.swift; sourceTree = "<group>"; };
		00DDBC7D2023C7AF00CF48BB /* MockAppDependencies.swift */ = {isa = PBXFileReference; lastKnownFileType = sourcecode.swift; path = MockAppDependencies.swift; sourceTree = "<group>"; };
		00E3A9BA201E837B00162297 /* UIColorExtension.swift */ = {isa = PBXFileReference; lastKnownFileType = sourcecode.swift; path = UIColorExtension.swift; sourceTree = "<group>"; };
		00E3A9BC201E895400162297 /* AchievementsInteractorIO.swift */ = {isa = PBXFileReference; lastKnownFileType = sourcecode.swift; path = AchievementsInteractorIO.swift; sourceTree = "<group>"; };
		00E3A9BE201E89AE00162297 /* Achievement.swift */ = {isa = PBXFileReference; lastKnownFileType = sourcecode.swift; path = Achievement.swift; sourceTree = "<group>"; };
		00E3A9C0201E8B3C00162297 /* AchievementsInteractor.swift */ = {isa = PBXFileReference; lastKnownFileType = sourcecode.swift; path = AchievementsInteractor.swift; sourceTree = "<group>"; };
		00E3A9C2201E8BA400162297 /* AchievementsCacheDataManager.swift */ = {isa = PBXFileReference; lastKnownFileType = sourcecode.swift; path = AchievementsCacheDataManager.swift; sourceTree = "<group>"; };
		00E3A9C4201E8C5700162297 /* CacheStore.swift */ = {isa = PBXFileReference; lastKnownFileType = sourcecode.swift; path = CacheStore.swift; sourceTree = "<group>"; };
		00E3A9C6201E91A400162297 /* AchievementUpdatable.swift */ = {isa = PBXFileReference; lastKnownFileType = sourcecode.swift; path = AchievementUpdatable.swift; sourceTree = "<group>"; };
		00E3A9C8201E933C00162297 /* AchievementCell.swift */ = {isa = PBXFileReference; lastKnownFileType = sourcecode.swift; path = AchievementCell.swift; sourceTree = "<group>"; };
		00E3A9CA201E976300162297 /* UIImageExtension.swift */ = {isa = PBXFileReference; lastKnownFileType = sourcecode.swift; path = UIImageExtension.swift; sourceTree = "<group>"; };
		00E3A9CC201E99D700162297 /* AchievementsWireframe.swift */ = {isa = PBXFileReference; lastKnownFileType = sourcecode.swift; path = AchievementsWireframe.swift; sourceTree = "<group>"; };
		00E3A9CE201E9A1700162297 /* RootWireframe.swift */ = {isa = PBXFileReference; lastKnownFileType = sourcecode.swift; path = RootWireframe.swift; sourceTree = "<group>"; };
		00E3A9D0201E9B6E00162297 /* AchievementsPresenter.swift */ = {isa = PBXFileReference; lastKnownFileType = sourcecode.swift; path = AchievementsPresenter.swift; sourceTree = "<group>"; };
		00E3A9D2201EA0C000162297 /* AppDependencies.swift */ = {isa = PBXFileReference; lastKnownFileType = sourcecode.swift; path = AppDependencies.swift; sourceTree = "<group>"; };
		00E3A9D4201EAAD200162297 /* AchievementsRemoteDataManager.swift */ = {isa = PBXFileReference; lastKnownFileType = sourcecode.swift; path = AchievementsRemoteDataManager.swift; sourceTree = "<group>"; };
		00E3A9D6201EB22100162297 /* ServerResponse.swift */ = {isa = PBXFileReference; lastKnownFileType = sourcecode.swift; path = ServerResponse.swift; sourceTree = "<group>"; };
/* End PBXFileReference section */

/* Begin PBXFrameworksBuildPhase section */
		005D24A6201E627300F2C0C7 /* Frameworks */ = {
			isa = PBXFrameworksBuildPhase;
			buildActionMask = 2147483647;
			files = (
			);
			runOnlyForDeploymentPostprocessing = 0;
		};
		005D24BA201E627300F2C0C7 /* Frameworks */ = {
			isa = PBXFrameworksBuildPhase;
			buildActionMask = 2147483647;
			files = (
			);
			runOnlyForDeploymentPostprocessing = 0;
		};
		005D24C5201E627300F2C0C7 /* Frameworks */ = {
			isa = PBXFrameworksBuildPhase;
			buildActionMask = 2147483647;
			files = (
			);
			runOnlyForDeploymentPostprocessing = 0;
		};
/* End PBXFrameworksBuildPhase section */

/* Begin PBXGroup section */
		005D24A0201E627300F2C0C7 = {
			isa = PBXGroup;
			children = (
				005D24AB201E627300F2C0C7 /* StashCoach */,
				005D24C0201E627300F2C0C7 /* StashCoachTests */,
				005D24CB201E627300F2C0C7 /* StashCoachUITests */,
				005D24AA201E627300F2C0C7 /* Products */,
			);
			sourceTree = "<group>";
		};
		005D24AA201E627300F2C0C7 /* Products */ = {
			isa = PBXGroup;
			children = (
				005D24A9201E627300F2C0C7 /* StashCoach.app */,
				005D24BD201E627300F2C0C7 /* StashCoachTests.xctest */,
				005D24C8201E627300F2C0C7 /* StashCoachUITests.xctest */,
			);
			name = Products;
			sourceTree = "<group>";
		};
		005D24AB201E627300F2C0C7 /* StashCoach */ = {
			isa = PBXGroup;
			children = (
				005D24DA201E62BD00F2C0C7 /* Common */,
				005D24DB201E62C500F2C0C7 /* Modules */,
				005D24DC201E631100F2C0C7 /* Resources */,
				005D24AC201E627300F2C0C7 /* AppDelegate.swift */,
				00E3A9D2201EA0C000162297 /* AppDependencies.swift */,
			);
			path = StashCoach;
			sourceTree = "<group>";
		};
		005D24C0201E627300F2C0C7 /* StashCoachTests */ = {
			isa = PBXGroup;
			children = (
				00DDBC4320239F9500CF48BB /* Common */,
				00DDBC442023A01800CF48BB /* Modules */,
				00DDBC702023BDD100CF48BB /* AppDelegateTests.swift */,
				00DDBC7D2023C7AF00CF48BB /* MockAppDependencies.swift */,
				00DDBC6E2023BD6200CF48BB /* AppDependenciesTests.swift */,
				005D24C3201E627300F2C0C7 /* Info.plist */,
			);
			path = StashCoachTests;
			sourceTree = "<group>";
		};
		005D24CB201E627300F2C0C7 /* StashCoachUITests */ = {
			isa = PBXGroup;
			children = (
				005D24CE201E627300F2C0C7 /* Info.plist */,
			);
			path = StashCoachUITests;
			sourceTree = "<group>";
		};
		005D24DA201E62BD00F2C0C7 /* Common */ = {
			isa = PBXGroup;
			children = (
				005D24F9201E692700F2C0C7 /* Extensions */,
				005D24FA201E693900F2C0C7 /* Entity */,
				005D24FC201E695000F2C0C7 /* Cache */,
				005D24FB201E694400F2C0C7 /* View */,
			);
			path = Common;
			sourceTree = "<group>";
		};
		005D24DB201E62C500F2C0C7 /* Modules */ = {
			isa = PBXGroup;
			children = (
				005D24F0201E688600F2C0C7 /* Achievements */,
			);
			path = Modules;
			sourceTree = "<group>";
		};
		005D24DC201E631100F2C0C7 /* Resources */ = {
			isa = PBXGroup;
			children = (
				005D24E3201E634500F2C0C7 /* Assets.xcassets */,
				005D24E8201E635500F2C0C7 /* LaunchScreen.storyboard */,
				005D24EA201E635500F2C0C7 /* Main.storyboard */,
				005D2501201E6DB000F2C0C7 /* Constants.swift */,
				005D24E2201E634500F2C0C7 /* Info.plist */,
				005D24EE201E67E200F2C0C7 /* achievements.json */,
			);
			path = Resources;
			sourceTree = "<group>";
		};
		005D24F0201E688600F2C0C7 /* Achievements */ = {
			isa = PBXGroup;
			children = (
				005D24F1201E68A500F2C0C7 /* Application Logic */,
				005D24F2201E68AB00F2C0C7 /* Module Interface */,
				005D24F3201E68BA00F2C0C7 /* User Interface */,
			);
			path = Achievements;
			sourceTree = "<group>";
		};
		005D24F1201E68A500F2C0C7 /* Application Logic */ = {
			isa = PBXGroup;
			children = (
				005D24F4201E68C900F2C0C7 /* Interactor */,
				005D24F5201E68F300F2C0C7 /* Manager */,
			);
			path = "Application Logic";
			sourceTree = "<group>";
		};
		005D24F2201E68AB00F2C0C7 /* Module Interface */ = {
			isa = PBXGroup;
			children = (
				00E3A9C6201E91A400162297 /* AchievementUpdatable.swift */,
			);
			path = "Module Interface";
			sourceTree = "<group>";
		};
		005D24F3201E68BA00F2C0C7 /* User Interface */ = {
			isa = PBXGroup;
			children = (
				005D24F8201E691200F2C0C7 /* Presenter */,
				005D24F7201E690D00F2C0C7 /* View */,
				005D24F6201E690600F2C0C7 /* Wireframe */,
			);
			path = "User Interface";
			sourceTree = "<group>";
		};
		005D24F4201E68C900F2C0C7 /* Interactor */ = {
			isa = PBXGroup;
			children = (
				00E3A9BC201E895400162297 /* AchievementsInteractorIO.swift */,
				00E3A9C0201E8B3C00162297 /* AchievementsInteractor.swift */,
			);
			path = Interactor;
			sourceTree = "<group>";
		};
		005D24F5201E68F300F2C0C7 /* Manager */ = {
			isa = PBXGroup;
			children = (
				00E3A9C2201E8BA400162297 /* AchievementsCacheDataManager.swift */,
				00E3A9D4201EAAD200162297 /* AchievementsRemoteDataManager.swift */,
			);
			path = Manager;
			sourceTree = "<group>";
		};
		005D24F6201E690600F2C0C7 /* Wireframe */ = {
			isa = PBXGroup;
			children = (
				00E3A9CC201E99D700162297 /* AchievementsWireframe.swift */,
			);
			path = Wireframe;
			sourceTree = "<group>";
		};
		005D24F7201E690D00F2C0C7 /* View */ = {
			isa = PBXGroup;
			children = (
				00E3A9C8201E933C00162297 /* AchievementCell.swift */,
				005D24FF201E6AD900F2C0C7 /* AchievementLoadable.swift */,
				005D24FD201E6A3C00F2C0C7 /* AchievementsViewController.swift */,
			);
			path = View;
			sourceTree = "<group>";
		};
		005D24F8201E691200F2C0C7 /* Presenter */ = {
			isa = PBXGroup;
			children = (
				00E3A9D0201E9B6E00162297 /* AchievementsPresenter.swift */,
			);
			path = Presenter;
			sourceTree = "<group>";
		};
		005D24F9201E692700F2C0C7 /* Extensions */ = {
			isa = PBXGroup;
			children = (
				005D2503201E708F00F2C0C7 /* IBInspectable.swift */,
				00E3A9BA201E837B00162297 /* UIColorExtension.swift */,
				00E3A9CA201E976300162297 /* UIImageExtension.swift */,
			);
			path = Extensions;
			sourceTree = "<group>";
		};
		005D24FA201E693900F2C0C7 /* Entity */ = {
			isa = PBXGroup;
			children = (
				00E3A9BE201E89AE00162297 /* Achievement.swift */,
				00E3A9D6201EB22100162297 /* ServerResponse.swift */,
			);
			path = Entity;
			sourceTree = "<group>";
		};
		005D24FB201E694400F2C0C7 /* View */ = {
			isa = PBXGroup;
			children = (
				00E3A9CE201E9A1700162297 /* RootWireframe.swift */,
			);
			path = View;
			sourceTree = "<group>";
		};
		005D24FC201E695000F2C0C7 /* Cache */ = {
			isa = PBXGroup;
			children = (
				00E3A9C4201E8C5700162297 /* CacheStore.swift */,
			);
			path = Cache;
			sourceTree = "<group>";
		};
		00DDBC4320239F9500CF48BB /* Common */ = {
			isa = PBXGroup;
			children = (
				00DDBC5B2023B0EC00CF48BB /* Extensions */,
				00DDBC452023A02C00CF48BB /* Entity */,
				00DDBC762023C1F700CF48BB /* Cache */,
				00DDBC462023A03400CF48BB /* View */,
			);
			path = Common;
			sourceTree = "<group>";
		};
		00DDBC442023A01800CF48BB /* Modules */ = {
			isa = PBXGroup;
			children = (
				00DDBC472023A06100CF48BB /* Achievements */,
			);
			path = Modules;
			sourceTree = "<group>";
		};
		00DDBC452023A02C00CF48BB /* Entity */ = {
			isa = PBXGroup;
			children = (
				00DDBC5E2023B18200CF48BB /* AchievementTests.swift */,
			);
			path = Entity;
			sourceTree = "<group>";
		};
		00DDBC462023A03400CF48BB /* View */ = {
			isa = PBXGroup;
			children = (
				00DDBC722023C03D00CF48BB /* MockRootWireframe.swift */,
				00DDBC602023B33F00CF48BB /* RootWireframeTests.swift */,
			);
			path = View;
			sourceTree = "<group>";
		};
		00DDBC472023A06100CF48BB /* Achievements */ = {
			isa = PBXGroup;
			children = (
				00DDBC482023A06D00CF48BB /* Application Logic */,
				00DDBC4B2023A08000CF48BB /* User Interface */,
			);
			path = Achievements;
			sourceTree = "<group>";
		};
		00DDBC482023A06D00CF48BB /* Application Logic */ = {
			isa = PBXGroup;
			children = (
				00DDBC552023AD8A00CF48BB /* Interactor */,
				00DDBC582023AE2100CF48BB /* Manager */,
			);
			path = "Application Logic";
			sourceTree = "<group>";
		};
		00DDBC4B2023A08000CF48BB /* User Interface */ = {
			isa = PBXGroup;
			children = (
				00DDBC4C2023A08D00CF48BB /* Presenter */,
				00DDBC4D2023A09100CF48BB /* View */,
				00DDBC4E2023A09500CF48BB /* Wireframe */,
			);
			path = "User Interface";
			sourceTree = "<group>";
		};
		00DDBC4C2023A08D00CF48BB /* Presenter */ = {
			isa = PBXGroup;
			children = (
				00DDBC532023AD2000CF48BB /* AchievementsPresenterTests.swift */,
			);
			path = Presenter;
			sourceTree = "<group>";
		};
		00DDBC4D2023A09100CF48BB /* View */ = {
			isa = PBXGroup;
			children = (
				00DDBC772023C24B00CF48BB /* MockAchievementLoadable.swift */,
				00DDBC512023A30A00CF48BB /* AchievementCellTests.swift */,
				00DDBC4F2023A0F400CF48BB /* AchievementsViewControllerTests.swift */,
			);
			path = View;
			sourceTree = "<group>";
		};
		00DDBC4E2023A09500CF48BB /* Wireframe */ = {
			isa = PBXGroup;
			children = (
				00DDBC7B2023C5D400CF48BB /* MockAchievementsWireframe.swift */,
				00DDBC6C2023BCFE00CF48BB /* AchievementsWireframeTests.swift */,
			);
			path = Wireframe;
			sourceTree = "<group>";
		};
		00DDBC552023AD8A00CF48BB /* Interactor */ = {
			isa = PBXGroup;
			children = (
				00DDBC742023C18F00CF48BB /* MockAchievementsInteractorInput.swift */,
				00DDBC6A2023BAFC00CF48BB /* MockAchievementsInteractorOutput.swift */,
				00DDBC562023AD9A00CF48BB /* AchievementsInteractorTests.swift */,
			);
			path = Interactor;
			sourceTree = "<group>";
		};
		00DDBC582023AE2100CF48BB /* Manager */ = {
			isa = PBXGroup;
			children = (
				00DDBC662023BACC00CF48BB /* MockCacheDataManager.swift */,
				00DDBC682023BAE400CF48BB /* MockRemoteDataManager.swift */,
				00DDBC592023AE3900CF48BB /* AchievementsCacheDataManagerTests.swift */,
				00DDBC622023B5D000CF48BB /* AchievementsRemoteDataManagerTests.swift */,
			);
			path = Manager;
			sourceTree = "<group>";
		};
		00DDBC5B2023B0EC00CF48BB /* Extensions */ = {
			isa = PBXGroup;
			children = (
				00DDBC5C2023B0FE00CF48BB /* UIColorExtensionTests.swift */,
			);
			path = Extensions;
			sourceTree = "<group>";
		};
		00DDBC762023C1F700CF48BB /* Cache */ = {
			isa = PBXGroup;
			children = (
				00DDBC642023B66C00CF48BB /* MockCacheStore.swift */,
				00DDBC792023C45400CF48BB /* CacheStoreTests.swift */,
			);
			path = Cache;
			sourceTree = "<group>";
		};
/* End PBXGroup section */

/* Begin PBXNativeTarget section */
		005D24A8201E627300F2C0C7 /* StashCoach */ = {
			isa = PBXNativeTarget;
			buildConfigurationList = 005D24D1201E627300F2C0C7 /* Build configuration list for PBXNativeTarget "StashCoach" */;
			buildPhases = (
				005D24A5201E627300F2C0C7 /* Sources */,
				005D24A6201E627300F2C0C7 /* Frameworks */,
				005D24A7201E627300F2C0C7 /* Resources */,
			);
			buildRules = (
			);
			dependencies = (
			);
			name = StashCoach;
			productName = StashCoach;
			productReference = 005D24A9201E627300F2C0C7 /* StashCoach.app */;
			productType = "com.apple.product-type.application";
		};
		005D24BC201E627300F2C0C7 /* StashCoachTests */ = {
			isa = PBXNativeTarget;
			buildConfigurationList = 005D24D4201E627300F2C0C7 /* Build configuration list for PBXNativeTarget "StashCoachTests" */;
			buildPhases = (
				005D24B9201E627300F2C0C7 /* Sources */,
				005D24BA201E627300F2C0C7 /* Frameworks */,
				005D24BB201E627300F2C0C7 /* Resources */,
			);
			buildRules = (
			);
			dependencies = (
				005D24BF201E627300F2C0C7 /* PBXTargetDependency */,
			);
			name = StashCoachTests;
			productName = StashCoachTests;
			productReference = 005D24BD201E627300F2C0C7 /* StashCoachTests.xctest */;
			productType = "com.apple.product-type.bundle.unit-test";
		};
		005D24C7201E627300F2C0C7 /* StashCoachUITests */ = {
			isa = PBXNativeTarget;
			buildConfigurationList = 005D24D7201E627300F2C0C7 /* Build configuration list for PBXNativeTarget "StashCoachUITests" */;
			buildPhases = (
				005D24C4201E627300F2C0C7 /* Sources */,
				005D24C5201E627300F2C0C7 /* Frameworks */,
				005D24C6201E627300F2C0C7 /* Resources */,
			);
			buildRules = (
			);
			dependencies = (
				005D24CA201E627300F2C0C7 /* PBXTargetDependency */,
			);
			name = StashCoachUITests;
			productName = StashCoachUITests;
			productReference = 005D24C8201E627300F2C0C7 /* StashCoachUITests.xctest */;
			productType = "com.apple.product-type.bundle.ui-testing";
		};
/* End PBXNativeTarget section */

/* Begin PBXProject section */
		005D24A1201E627300F2C0C7 /* Project object */ = {
			isa = PBXProject;
			attributes = {
				LastSwiftUpdateCheck = 0920;
				LastUpgradeCheck = 0920;
				ORGANIZATIONNAME = aliceaponasko;
				TargetAttributes = {
					005D24A8201E627300F2C0C7 = {
						CreatedOnToolsVersion = 9.2;
						ProvisioningStyle = Automatic;
					};
					005D24BC201E627300F2C0C7 = {
						CreatedOnToolsVersion = 9.2;
						ProvisioningStyle = Automatic;
						TestTargetID = 005D24A8201E627300F2C0C7;
					};
					005D24C7201E627300F2C0C7 = {
						CreatedOnToolsVersion = 9.2;
						ProvisioningStyle = Automatic;
						TestTargetID = 005D24A8201E627300F2C0C7;
					};
				};
			};
			buildConfigurationList = 005D24A4201E627300F2C0C7 /* Build configuration list for PBXProject "StashCoach" */;
			compatibilityVersion = "Xcode 8.0";
			developmentRegion = en;
			hasScannedForEncodings = 0;
			knownRegions = (
				en,
				Base,
			);
			mainGroup = 005D24A0201E627300F2C0C7;
			productRefGroup = 005D24AA201E627300F2C0C7 /* Products */;
			projectDirPath = "";
			projectRoot = "";
			targets = (
				005D24A8201E627300F2C0C7 /* StashCoach */,
				005D24BC201E627300F2C0C7 /* StashCoachTests */,
				005D24C7201E627300F2C0C7 /* StashCoachUITests */,
			);
		};
/* End PBXProject section */

/* Begin PBXResourcesBuildPhase section */
		005D24A7201E627300F2C0C7 /* Resources */ = {
			isa = PBXResourcesBuildPhase;
			buildActionMask = 2147483647;
			files = (
				005D24ED201E635500F2C0C7 /* Main.storyboard in Resources */,
				005D24EF201E67E200F2C0C7 /* achievements.json in Resources */,
				005D24E7201E634500F2C0C7 /* Assets.xcassets in Resources */,
				005D24EC201E635500F2C0C7 /* LaunchScreen.storyboard in Resources */,
			);
			runOnlyForDeploymentPostprocessing = 0;
		};
		005D24BB201E627300F2C0C7 /* Resources */ = {
			isa = PBXResourcesBuildPhase;
			buildActionMask = 2147483647;
			files = (
			);
			runOnlyForDeploymentPostprocessing = 0;
		};
		005D24C6201E627300F2C0C7 /* Resources */ = {
			isa = PBXResourcesBuildPhase;
			buildActionMask = 2147483647;
			files = (
			);
			runOnlyForDeploymentPostprocessing = 0;
		};
/* End PBXResourcesBuildPhase section */

/* Begin PBXSourcesBuildPhase section */
		005D24A5201E627300F2C0C7 /* Sources */ = {
			isa = PBXSourcesBuildPhase;
			buildActionMask = 2147483647;
			files = (
				005D24FE201E6A3C00F2C0C7 /* AchievementsViewController.swift in Sources */,
				005D2504201E708F00F2C0C7 /* IBInspectable.swift in Sources */,
				00E3A9C1201E8B3C00162297 /* AchievementsInteractor.swift in Sources */,
				00E3A9CD201E99D700162297 /* AchievementsWireframe.swift in Sources */,
				00E3A9CF201E9A1700162297 /* RootWireframe.swift in Sources */,
				005D24AD201E627300F2C0C7 /* AppDelegate.swift in Sources */,
				00E3A9D3201EA0C000162297 /* AppDependencies.swift in Sources */,
				005D2500201E6AD900F2C0C7 /* AchievementLoadable.swift in Sources */,
				00E3A9D1201E9B6E00162297 /* AchievementsPresenter.swift in Sources */,
				00E3A9D7201EB22100162297 /* ServerResponse.swift in Sources */,
				00E3A9D5201EAAD200162297 /* AchievementsRemoteDataManager.swift in Sources */,
				005D2502201E6DB000F2C0C7 /* Constants.swift in Sources */,
				00E3A9BF201E89AE00162297 /* Achievement.swift in Sources */,
				00E3A9BD201E895400162297 /* AchievementsInteractorIO.swift in Sources */,
				00E3A9C7201E91A400162297 /* AchievementUpdatable.swift in Sources */,
				00E3A9CB201E976300162297 /* UIImageExtension.swift in Sources */,
				00E3A9BB201E837B00162297 /* UIColorExtension.swift in Sources */,
				00E3A9C5201E8C5700162297 /* CacheStore.swift in Sources */,
				00E3A9C9201E933C00162297 /* AchievementCell.swift in Sources */,
				00E3A9C3201E8BA400162297 /* AchievementsCacheDataManager.swift in Sources */,
			);
			runOnlyForDeploymentPostprocessing = 0;
		};
		005D24B9201E627300F2C0C7 /* Sources */ = {
			isa = PBXSourcesBuildPhase;
			buildActionMask = 2147483647;
			files = (
				00DDBC712023BDD100CF48BB /* AppDelegateTests.swift in Sources */,
				00DDBC752023C18F00CF48BB /* MockAchievementsInteractorInput.swift in Sources */,
				00DDBC6F2023BD6200CF48BB /* AppDependenciesTests.swift in Sources */,
				00DDBC6D2023BCFE00CF48BB /* AchievementsWireframeTests.swift in Sources */,
				00DDBC7A2023C45400CF48BB /* CacheStoreTests.swift in Sources */,
				00DDBC732023C03D00CF48BB /* MockRootWireframe.swift in Sources */,
				00DDBC672023BACD00CF48BB /* MockCacheDataManager.swift in Sources */,
				00DDBC542023AD2000CF48BB /* AchievementsPresenterTests.swift in Sources */,
				00DDBC502023A0F400CF48BB /* AchievementsViewControllerTests.swift in Sources */,
				00DDBC6B2023BAFC00CF48BB /* MockAchievementsInteractorOutput.swift in Sources */,
				00DDBC7E2023C7AF00CF48BB /* MockAppDependencies.swift in Sources */,
				00DDBC572023AD9A00CF48BB /* AchievementsInteractorTests.swift in Sources */,
				00DDBC692023BAE400CF48BB /* MockRemoteDataManager.swift in Sources */,
				00DDBC522023A30A00CF48BB /* AchievementCellTests.swift in Sources */,
				00DDBC5D2023B0FE00CF48BB /* UIColorExtensionTests.swift in Sources */,
				00DDBC632023B5D000CF48BB /* AchievementsRemoteDataManagerTests.swift in Sources */,
				00DDBC782023C24B00CF48BB /* MockAchievementLoadable.swift in Sources */,
				00DDBC5F2023B18200CF48BB /* AchievementTests.swift in Sources */,
				00DDBC5A2023AE3900CF48BB /* AchievementsCacheDataManagerTests.swift in Sources */,
				00DDBC612023B33F00CF48BB /* RootWireframeTests.swift in Sources */,
				00DDBC652023B66C00CF48BB /* MockCacheStore.swift in Sources */,
				00DDBC7C2023C5D400CF48BB /* MockAchievementsWireframe.swift in Sources */,
			);
			runOnlyForDeploymentPostprocessing = 0;
		};
		005D24C4201E627300F2C0C7 /* Sources */ = {
			isa = PBXSourcesBuildPhase;
			buildActionMask = 2147483647;
			files = (
			);
			runOnlyForDeploymentPostprocessing = 0;
		};
/* End PBXSourcesBuildPhase section */

/* Begin PBXTargetDependency section */
		005D24BF201E627300F2C0C7 /* PBXTargetDependency */ = {
			isa = PBXTargetDependency;
			target = 005D24A8201E627300F2C0C7 /* StashCoach */;
			targetProxy = 005D24BE201E627300F2C0C7 /* PBXContainerItemProxy */;
		};
		005D24CA201E627300F2C0C7 /* PBXTargetDependency */ = {
			isa = PBXTargetDependency;
			target = 005D24A8201E627300F2C0C7 /* StashCoach */;
			targetProxy = 005D24C9201E627300F2C0C7 /* PBXContainerItemProxy */;
		};
/* End PBXTargetDependency section */

/* Begin PBXVariantGroup section */
		005D24E8201E635500F2C0C7 /* LaunchScreen.storyboard */ = {
			isa = PBXVariantGroup;
			children = (
				005D24E9201E635500F2C0C7 /* Base */,
			);
			name = LaunchScreen.storyboard;
			sourceTree = "<group>";
		};
		005D24EA201E635500F2C0C7 /* Main.storyboard */ = {
			isa = PBXVariantGroup;
			children = (
				005D24EB201E635500F2C0C7 /* Base */,
			);
			name = Main.storyboard;
			sourceTree = "<group>";
		};
/* End PBXVariantGroup section */

/* Begin XCBuildConfiguration section */
		005D24CF201E627300F2C0C7 /* Debug */ = {
			isa = XCBuildConfiguration;
			buildSettings = {
				ALWAYS_SEARCH_USER_PATHS = NO;
				CLANG_ANALYZER_NONNULL = YES;
				CLANG_ANALYZER_NUMBER_OBJECT_CONVERSION = YES_AGGRESSIVE;
				CLANG_CXX_LANGUAGE_STANDARD = "gnu++14";
				CLANG_CXX_LIBRARY = "libc++";
				CLANG_ENABLE_MODULES = YES;
				CLANG_ENABLE_OBJC_ARC = YES;
				CLANG_WARN_BLOCK_CAPTURE_AUTORELEASING = YES;
				CLANG_WARN_BOOL_CONVERSION = YES;
				CLANG_WARN_COMMA = YES;
				CLANG_WARN_CONSTANT_CONVERSION = YES;
				CLANG_WARN_DIRECT_OBJC_ISA_USAGE = YES_ERROR;
				CLANG_WARN_DOCUMENTATION_COMMENTS = YES;
				CLANG_WARN_EMPTY_BODY = YES;
				CLANG_WARN_ENUM_CONVERSION = YES;
				CLANG_WARN_INFINITE_RECURSION = YES;
				CLANG_WARN_INT_CONVERSION = YES;
				CLANG_WARN_NON_LITERAL_NULL_CONVERSION = YES;
				CLANG_WARN_OBJC_LITERAL_CONVERSION = YES;
				CLANG_WARN_OBJC_ROOT_CLASS = YES_ERROR;
				CLANG_WARN_RANGE_LOOP_ANALYSIS = YES;
				CLANG_WARN_STRICT_PROTOTYPES = YES;
				CLANG_WARN_SUSPICIOUS_MOVE = YES;
				CLANG_WARN_UNGUARDED_AVAILABILITY = YES_AGGRESSIVE;
				CLANG_WARN_UNREACHABLE_CODE = YES;
				CLANG_WARN__DUPLICATE_METHOD_MATCH = YES;
				CODE_SIGN_IDENTITY = "iPhone Developer";
				COPY_PHASE_STRIP = NO;
				DEBUG_INFORMATION_FORMAT = dwarf;
				ENABLE_STRICT_OBJC_MSGSEND = YES;
				ENABLE_TESTABILITY = YES;
				GCC_C_LANGUAGE_STANDARD = gnu11;
				GCC_DYNAMIC_NO_PIC = NO;
				GCC_NO_COMMON_BLOCKS = YES;
				GCC_OPTIMIZATION_LEVEL = 0;
				GCC_PREPROCESSOR_DEFINITIONS = (
					"DEBUG=1",
					"$(inherited)",
				);
				GCC_WARN_64_TO_32_BIT_CONVERSION = YES;
				GCC_WARN_ABOUT_RETURN_TYPE = YES_ERROR;
				GCC_WARN_UNDECLARED_SELECTOR = YES;
				GCC_WARN_UNINITIALIZED_AUTOS = YES_AGGRESSIVE;
				GCC_WARN_UNUSED_FUNCTION = YES;
				GCC_WARN_UNUSED_VARIABLE = YES;
				IPHONEOS_DEPLOYMENT_TARGET = 11.2;
				MTL_ENABLE_DEBUG_INFO = YES;
				ONLY_ACTIVE_ARCH = YES;
				SDKROOT = iphoneos;
				SWIFT_ACTIVE_COMPILATION_CONDITIONS = DEBUG;
				SWIFT_OPTIMIZATION_LEVEL = "-Onone";
			};
			name = Debug;
		};
		005D24D0201E627300F2C0C7 /* Release */ = {
			isa = XCBuildConfiguration;
			buildSettings = {
				ALWAYS_SEARCH_USER_PATHS = NO;
				CLANG_ANALYZER_NONNULL = YES;
				CLANG_ANALYZER_NUMBER_OBJECT_CONVERSION = YES_AGGRESSIVE;
				CLANG_CXX_LANGUAGE_STANDARD = "gnu++14";
				CLANG_CXX_LIBRARY = "libc++";
				CLANG_ENABLE_MODULES = YES;
				CLANG_ENABLE_OBJC_ARC = YES;
				CLANG_WARN_BLOCK_CAPTURE_AUTORELEASING = YES;
				CLANG_WARN_BOOL_CONVERSION = YES;
				CLANG_WARN_COMMA = YES;
				CLANG_WARN_CONSTANT_CONVERSION = YES;
				CLANG_WARN_DIRECT_OBJC_ISA_USAGE = YES_ERROR;
				CLANG_WARN_DOCUMENTATION_COMMENTS = YES;
				CLANG_WARN_EMPTY_BODY = YES;
				CLANG_WARN_ENUM_CONVERSION = YES;
				CLANG_WARN_INFINITE_RECURSION = YES;
				CLANG_WARN_INT_CONVERSION = YES;
				CLANG_WARN_NON_LITERAL_NULL_CONVERSION = YES;
				CLANG_WARN_OBJC_LITERAL_CONVERSION = YES;
				CLANG_WARN_OBJC_ROOT_CLASS = YES_ERROR;
				CLANG_WARN_RANGE_LOOP_ANALYSIS = YES;
				CLANG_WARN_STRICT_PROTOTYPES = YES;
				CLANG_WARN_SUSPICIOUS_MOVE = YES;
				CLANG_WARN_UNGUARDED_AVAILABILITY = YES_AGGRESSIVE;
				CLANG_WARN_UNREACHABLE_CODE = YES;
				CLANG_WARN__DUPLICATE_METHOD_MATCH = YES;
				CODE_SIGN_IDENTITY = "iPhone Developer";
				COPY_PHASE_STRIP = NO;
				DEBUG_INFORMATION_FORMAT = "dwarf-with-dsym";
				ENABLE_NS_ASSERTIONS = NO;
				ENABLE_STRICT_OBJC_MSGSEND = YES;
				GCC_C_LANGUAGE_STANDARD = gnu11;
				GCC_NO_COMMON_BLOCKS = YES;
				GCC_WARN_64_TO_32_BIT_CONVERSION = YES;
				GCC_WARN_ABOUT_RETURN_TYPE = YES_ERROR;
				GCC_WARN_UNDECLARED_SELECTOR = YES;
				GCC_WARN_UNINITIALIZED_AUTOS = YES_AGGRESSIVE;
				GCC_WARN_UNUSED_FUNCTION = YES;
				GCC_WARN_UNUSED_VARIABLE = YES;
				IPHONEOS_DEPLOYMENT_TARGET = 11.2;
				MTL_ENABLE_DEBUG_INFO = NO;
				SDKROOT = iphoneos;
				SWIFT_OPTIMIZATION_LEVEL = "-Owholemodule";
				VALIDATE_PRODUCT = YES;
			};
			name = Release;
		};
		005D24D2201E627300F2C0C7 /* Debug */ = {
			isa = XCBuildConfiguration;
			buildSettings = {
				ASSETCATALOG_COMPILER_APPICON_NAME = AppIcon;
				CODE_SIGN_STYLE = Automatic;
				DEVELOPMENT_TEAM = Y3Z34S572E;
				INFOPLIST_FILE = StashCoach/Resources/Info.plist;
				LD_RUNPATH_SEARCH_PATHS = "$(inherited) @executable_path/Frameworks";
				PRODUCT_BUNDLE_IDENTIFIER = com.aliceaponasko.StashCoach;
				PRODUCT_NAME = "$(TARGET_NAME)";
				SWIFT_VERSION = 4.0;
				TARGETED_DEVICE_FAMILY = "1,2";
			};
			name = Debug;
		};
		005D24D3201E627300F2C0C7 /* Release */ = {
			isa = XCBuildConfiguration;
			buildSettings = {
				ASSETCATALOG_COMPILER_APPICON_NAME = AppIcon;
				CODE_SIGN_STYLE = Automatic;
				DEVELOPMENT_TEAM = Y3Z34S572E;
				INFOPLIST_FILE = StashCoach/Resources/Info.plist;
				LD_RUNPATH_SEARCH_PATHS = "$(inherited) @executable_path/Frameworks";
				PRODUCT_BUNDLE_IDENTIFIER = com.aliceaponasko.StashCoach;
				PRODUCT_NAME = "$(TARGET_NAME)";
				SWIFT_VERSION = 4.0;
				TARGETED_DEVICE_FAMILY = "1,2";
			};
			name = Release;
		};
		005D24D5201E627300F2C0C7 /* Debug */ = {
			isa = XCBuildConfiguration;
			buildSettings = {
				ALWAYS_EMBED_SWIFT_STANDARD_LIBRARIES = YES;
				BUNDLE_LOADER = "$(TEST_HOST)";
				CODE_SIGN_STYLE = Automatic;
				DEVELOPMENT_TEAM = Y3Z34S572E;
				INFOPLIST_FILE = StashCoachTests/Info.plist;
				LD_RUNPATH_SEARCH_PATHS = "$(inherited) @executable_path/Frameworks @loader_path/Frameworks";
				PRODUCT_BUNDLE_IDENTIFIER = com.aliceaponasko.StashCoachTests;
				PRODUCT_NAME = "$(TARGET_NAME)";
				SWIFT_VERSION = 4.0;
				TARGETED_DEVICE_FAMILY = "1,2";
				TEST_HOST = "$(BUILT_PRODUCTS_DIR)/StashCoach.app/StashCoach";
			};
			name = Debug;
		};
		005D24D6201E627300F2C0C7 /* Release */ = {
			isa = XCBuildConfiguration;
			buildSettings = {
				ALWAYS_EMBED_SWIFT_STANDARD_LIBRARIES = YES;
				BUNDLE_LOADER = "$(TEST_HOST)";
				CODE_SIGN_STYLE = Automatic;
				DEVELOPMENT_TEAM = Y3Z34S572E;
				INFOPLIST_FILE = StashCoachTests/Info.plist;
				LD_RUNPATH_SEARCH_PATHS = "$(inherited) @executable_path/Frameworks @loader_path/Frameworks";
				PRODUCT_BUNDLE_IDENTIFIER = com.aliceaponasko.StashCoachTests;
				PRODUCT_NAME = "$(TARGET_NAME)";
				SWIFT_VERSION = 4.0;
				TARGETED_DEVICE_FAMILY = "1,2";
				TEST_HOST = "$(BUILT_PRODUCTS_DIR)/StashCoach.app/StashCoach";
			};
			name = Release;
		};
		005D24D8201E627300F2C0C7 /* Debug */ = {
			isa = XCBuildConfiguration;
			buildSettings = {
				ALWAYS_EMBED_SWIFT_STANDARD_LIBRARIES = YES;
				CODE_SIGN_STYLE = Automatic;
				DEVELOPMENT_TEAM = Y3Z34S572E;
				INFOPLIST_FILE = StashCoachUITests/Info.plist;
				LD_RUNPATH_SEARCH_PATHS = "$(inherited) @executable_path/Frameworks @loader_path/Frameworks";
				PRODUCT_BUNDLE_IDENTIFIER = com.aliceaponasko.StashCoachUITests;
				PRODUCT_NAME = "$(TARGET_NAME)";
				SWIFT_VERSION = 4.0;
				TARGETED_DEVICE_FAMILY = "1,2";
				TEST_TARGET_NAME = StashCoach;
			};
			name = Debug;
		};
		005D24D9201E627300F2C0C7 /* Release */ = {
			isa = XCBuildConfiguration;
			buildSettings = {
				ALWAYS_EMBED_SWIFT_STANDARD_LIBRARIES = YES;
				CODE_SIGN_STYLE = Automatic;
				DEVELOPMENT_TEAM = Y3Z34S572E;
				INFOPLIST_FILE = StashCoachUITests/Info.plist;
				LD_RUNPATH_SEARCH_PATHS = "$(inherited) @executable_path/Frameworks @loader_path/Frameworks";
				PRODUCT_BUNDLE_IDENTIFIER = com.aliceaponasko.StashCoachUITests;
				PRODUCT_NAME = "$(TARGET_NAME)";
				SWIFT_VERSION = 4.0;
				TARGETED_DEVICE_FAMILY = "1,2";
				TEST_TARGET_NAME = StashCoach;
			};
			name = Release;
		};
/* End XCBuildConfiguration section */

/* Begin XCConfigurationList section */
		005D24A4201E627300F2C0C7 /* Build configuration list for PBXProject "StashCoach" */ = {
			isa = XCConfigurationList;
			buildConfigurations = (
				005D24CF201E627300F2C0C7 /* Debug */,
				005D24D0201E627300F2C0C7 /* Release */,
			);
			defaultConfigurationIsVisible = 0;
			defaultConfigurationName = Release;
		};
		005D24D1201E627300F2C0C7 /* Build configuration list for PBXNativeTarget "StashCoach" */ = {
			isa = XCConfigurationList;
			buildConfigurations = (
				005D24D2201E627300F2C0C7 /* Debug */,
				005D24D3201E627300F2C0C7 /* Release */,
			);
			defaultConfigurationIsVisible = 0;
			defaultConfigurationName = Release;
		};
		005D24D4201E627300F2C0C7 /* Build configuration list for PBXNativeTarget "StashCoachTests" */ = {
			isa = XCConfigurationList;
			buildConfigurations = (
				005D24D5201E627300F2C0C7 /* Debug */,
				005D24D6201E627300F2C0C7 /* Release */,
			);
			defaultConfigurationIsVisible = 0;
			defaultConfigurationName = Release;
		};
		005D24D7201E627300F2C0C7 /* Build configuration list for PBXNativeTarget "StashCoachUITests" */ = {
			isa = XCConfigurationList;
			buildConfigurations = (
				005D24D8201E627300F2C0C7 /* Debug */,
				005D24D9201E627300F2C0C7 /* Release */,
			);
			defaultConfigurationIsVisible = 0;
			defaultConfigurationName = Release;
		};
/* End XCConfigurationList section */
	};
	rootObject = 005D24A1201E627300F2C0C7 /* Project object */;
}
